// !$*UTF8*$!
{
	archiveVersion = 1;
	classes = {
	};
	objectVersion = 46;
	objects = {

/* Begin PBXBuildFile section */
		07BC6F0E191FC4AC009541A3 /* utils.cpp in Sources */ = {isa = PBXBuildFile; fileRef = 07BC6EF1191FC4AC009541A3 /* utils.cpp */; };
		07BC6F0F191FC4AC009541A3 /* FreqGenerator.cpp in Sources */ = {isa = PBXBuildFile; fileRef = 07BC6EF7191FC4AC009541A3 /* FreqGenerator.cpp */; };
		07BC6F10191FC4AC009541A3 /* native_ios.cpp in Sources */ = {isa = PBXBuildFile; fileRef = 07BC6EF8191FC4AC009541A3 /* native_ios.cpp */; };
		07BC6F11191FC4AC009541A3 /* sp_config.cpp in Sources */ = {isa = PBXBuildFile; fileRef = 07BC6EF9191FC4AC009541A3 /* sp_config.cpp */; };
		07BC6F12191FC4AC009541A3 /* IllegalArgumentException.cpp in Sources */ = {isa = PBXBuildFile; fileRef = 07BC6EFE191FC4AC009541A3 /* IllegalArgumentException.cpp */; };
		07BC6F13191FC4AC009541A3 /* GenericGF.cpp in Sources */ = {isa = PBXBuildFile; fileRef = 07BC6F01191FC4AC009541A3 /* GenericGF.cpp */; };
		07BC6F14191FC4AC009541A3 /* GenericGFPoly.cpp in Sources */ = {isa = PBXBuildFile; fileRef = 07BC6F03191FC4AC009541A3 /* GenericGFPoly.cpp */; };
		07BC6F15191FC4AC009541A3 /* ReedSolomonEncoder.cpp in Sources */ = {isa = PBXBuildFile; fileRef = 07BC6F05191FC4AC009541A3 /* ReedSolomonEncoder.cpp */; };
		07BC6F16191FC4AC009541A3 /* ReedSolomonException.cpp in Sources */ = {isa = PBXBuildFile; fileRef = 07BC6F07191FC4AC009541A3 /* ReedSolomonException.cpp */; };
		07BC6F17191FC4AC009541A3 /* Exception.cpp in Sources */ = {isa = PBXBuildFile; fileRef = 07BC6F09191FC4AC009541A3 /* Exception.cpp */; };
/* End PBXBuildFile section */

/* Begin PBXCopyFilesBuildPhase section */
		07EC6BDF18B4CD4F0018BEA4 /* CopyFiles */ = {
			isa = PBXCopyFilesBuildPhase;
			buildActionMask = 2147483647;
			dstPath = "include/$(PRODUCT_NAME)";
			dstSubfolderSpec = 16;
			files = (
			);
			runOnlyForDeploymentPostprocessing = 0;
		};
/* End PBXCopyFilesBuildPhase section */

/* Begin PBXFileReference section */
		07776DBC18FD380C00B7033B /* config.h */ = {isa = PBXFileReference; lastKnownFileType = sourcecode.c.h; name = config.h; path = ../../../Sound_Pairing/aubioTest/jni/include/config.h; sourceTree = "<group>"; };
		07BC6EEF191FC4AC009541A3 /* utils.h */ = {isa = PBXFileReference; fileEncoding = 4; lastKnownFileType = sourcecode.c.h; path = utils.h; sourceTree = "<group>"; };
		07BC6EF1191FC4AC009541A3 /* utils.cpp */ = {isa = PBXFileReference; fileEncoding = 4; lastKnownFileType = sourcecode.cpp.cpp; path = utils.cpp; sourceTree = "<group>"; };
		07BC6EF3191FC4AC009541A3 /* beseye_sound_pairing.h */ = {isa = PBXFileReference; fileEncoding = 4; lastKnownFileType = sourcecode.c.h; path = beseye_sound_pairing.h; sourceTree = "<group>"; };
		07BC6EF4191FC4AC009541A3 /* FreqGenerator.h */ = {isa = PBXFileReference; fileEncoding = 4; lastKnownFileType = sourcecode.c.h; path = FreqGenerator.h; sourceTree = "<group>"; };
		07BC6EF5191FC4AC009541A3 /* sp_config.h */ = {isa = PBXFileReference; fileEncoding = 4; lastKnownFileType = sourcecode.c.h; path = sp_config.h; sourceTree = "<group>"; };
		07BC6EF7191FC4AC009541A3 /* FreqGenerator.cpp */ = {isa = PBXFileReference; fileEncoding = 4; lastKnownFileType = sourcecode.cpp.cpp; path = FreqGenerator.cpp; sourceTree = "<group>"; };
		07BC6EF8191FC4AC009541A3 /* native_ios.cpp */ = {isa = PBXFileReference; fileEncoding = 4; lastKnownFileType = sourcecode.cpp.cpp; path = native_ios.cpp; sourceTree = "<group>"; };
		07BC6EF9191FC4AC009541A3 /* sp_config.cpp */ = {isa = PBXFileReference; fileEncoding = 4; lastKnownFileType = sourcecode.cpp.cpp; path = sp_config.cpp; sourceTree = "<group>"; };
		07BC6EFC191FC4AC009541A3 /* Array.h */ = {isa = PBXFileReference; fileEncoding = 4; lastKnownFileType = sourcecode.c.h; path = Array.h; sourceTree = "<group>"; };
		07BC6EFD191FC4AC009541A3 /* Counted.h */ = {isa = PBXFileReference; fileEncoding = 4; lastKnownFileType = sourcecode.c.h; path = Counted.h; sourceTree = "<group>"; };
		07BC6EFE191FC4AC009541A3 /* IllegalArgumentException.cpp */ = {isa = PBXFileReference; fileEncoding = 4; lastKnownFileType = sourcecode.cpp.cpp; path = IllegalArgumentException.cpp; sourceTree = "<group>"; };
		07BC6EFF191FC4AC009541A3 /* IllegalArgumentException.h */ = {isa = PBXFileReference; fileEncoding = 4; lastKnownFileType = sourcecode.c.h; path = IllegalArgumentException.h; sourceTree = "<group>"; };
		07BC6F01191FC4AC009541A3 /* GenericGF.cpp */ = {isa = PBXFileReference; fileEncoding = 4; lastKnownFileType = sourcecode.cpp.cpp; path = GenericGF.cpp; sourceTree = "<group>"; };
		07BC6F02191FC4AC009541A3 /* GenericGF.h */ = {isa = PBXFileReference; fileEncoding = 4; lastKnownFileType = sourcecode.c.h; path = GenericGF.h; sourceTree = "<group>"; };
		07BC6F03191FC4AC009541A3 /* GenericGFPoly.cpp */ = {isa = PBXFileReference; fileEncoding = 4; lastKnownFileType = sourcecode.cpp.cpp; path = GenericGFPoly.cpp; sourceTree = "<group>"; };
		07BC6F04191FC4AC009541A3 /* GenericGFPoly.h */ = {isa = PBXFileReference; fileEncoding = 4; lastKnownFileType = sourcecode.c.h; path = GenericGFPoly.h; sourceTree = "<group>"; };
		07BC6F05191FC4AC009541A3 /* ReedSolomonEncoder.cpp */ = {isa = PBXFileReference; fileEncoding = 4; lastKnownFileType = sourcecode.cpp.cpp; path = ReedSolomonEncoder.cpp; sourceTree = "<group>"; };
		07BC6F06191FC4AC009541A3 /* ReedSolomonEncoder.h */ = {isa = PBXFileReference; fileEncoding = 4; lastKnownFileType = sourcecode.c.h; path = ReedSolomonEncoder.h; sourceTree = "<group>"; };
		07BC6F07191FC4AC009541A3 /* ReedSolomonException.cpp */ = {isa = PBXFileReference; fileEncoding = 4; lastKnownFileType = sourcecode.cpp.cpp; path = ReedSolomonException.cpp; sourceTree = "<group>"; };
		07BC6F08191FC4AC009541A3 /* ReedSolomonException.h */ = {isa = PBXFileReference; fileEncoding = 4; lastKnownFileType = sourcecode.c.h; path = ReedSolomonException.h; sourceTree = "<group>"; };
		07BC6F09191FC4AC009541A3 /* Exception.cpp */ = {isa = PBXFileReference; fileEncoding = 4; lastKnownFileType = sourcecode.cpp.cpp; path = Exception.cpp; sourceTree = "<group>"; };
		07BC6F0A191FC4AC009541A3 /* Exception.h */ = {isa = PBXFileReference; fileEncoding = 4; lastKnownFileType = sourcecode.c.h; path = Exception.h; sourceTree = "<group>"; };
		07BC6F0B191FC4AC009541A3 /* IllegalStateException.h */ = {isa = PBXFileReference; fileEncoding = 4; lastKnownFileType = sourcecode.c.h; path = IllegalStateException.h; sourceTree = "<group>"; };
		07BC6F0C191FC4AC009541A3 /* ReaderException.h */ = {isa = PBXFileReference; fileEncoding = 4; lastKnownFileType = sourcecode.c.h; path = ReaderException.h; sourceTree = "<group>"; };
		07BC6F0D191FC4AC009541A3 /* ZXing.h */ = {isa = PBXFileReference; fileEncoding = 4; lastKnownFileType = sourcecode.c.h; path = ZXing.h; sourceTree = "<group>"; };
		07BC6F18191FC511009541A3 /* Common.h */ = {isa = PBXFileReference; fileEncoding = 4; lastKnownFileType = sourcecode.c.h; path = Common.h; sourceTree = "<group>"; };
		07BC6F19191FC53D009541A3 /* error.h */ = {isa = PBXFileReference; fileEncoding = 4; lastKnownFileType = sourcecode.c.h; name = error.h; path = Common/inc/error.h; sourceTree = SOURCE_ROOT; };
		07EC6BE118B4CD4F0018BEA4 /* libBeseyeSoundPairing.a */ = {isa = PBXFileReference; explicitFileType = archive.ar; includeInIndex = 0; path = libBeseyeSoundPairing.a; sourceTree = BUILT_PRODUCTS_DIR; };
		07EC6CDC18B59C420018BEA4 /* begin_code.h */ = {isa = PBXFileReference; fileEncoding = 4; lastKnownFileType = sourcecode.c.h; name = begin_code.h; path = "../../SDL2-2.0.1/include/begin_code.h"; sourceTree = SOURCE_ROOT; };
		07EC6CDD18B59C420018BEA4 /* close_code.h */ = {isa = PBXFileReference; fileEncoding = 4; lastKnownFileType = sourcecode.c.h; name = close_code.h; path = "../../SDL2-2.0.1/include/close_code.h"; sourceTree = SOURCE_ROOT; };
		07EC6CDE18B59C420018BEA4 /* SDL_assert.h */ = {isa = PBXFileReference; fileEncoding = 4; lastKnownFileType = sourcecode.c.h; name = SDL_assert.h; path = "../../SDL2-2.0.1/include/SDL_assert.h"; sourceTree = SOURCE_ROOT; };
		07EC6CDF18B59C420018BEA4 /* SDL_atomic.h */ = {isa = PBXFileReference; fileEncoding = 4; lastKnownFileType = sourcecode.c.h; name = SDL_atomic.h; path = "../../SDL2-2.0.1/include/SDL_atomic.h"; sourceTree = SOURCE_ROOT; };
		07EC6CE018B59C420018BEA4 /* SDL_audio.h */ = {isa = PBXFileReference; fileEncoding = 4; lastKnownFileType = sourcecode.c.h; name = SDL_audio.h; path = "../../SDL2-2.0.1/include/SDL_audio.h"; sourceTree = SOURCE_ROOT; };
		07EC6CE118B59C420018BEA4 /* SDL_bits.h */ = {isa = PBXFileReference; fileEncoding = 4; lastKnownFileType = sourcecode.c.h; name = SDL_bits.h; path = "../../SDL2-2.0.1/include/SDL_bits.h"; sourceTree = SOURCE_ROOT; };
		07EC6CE218B59C420018BEA4 /* SDL_blendmode.h */ = {isa = PBXFileReference; fileEncoding = 4; lastKnownFileType = sourcecode.c.h; name = SDL_blendmode.h; path = "../../SDL2-2.0.1/include/SDL_blendmode.h"; sourceTree = SOURCE_ROOT; };
		07EC6CE318B59C420018BEA4 /* SDL_clipboard.h */ = {isa = PBXFileReference; fileEncoding = 4; lastKnownFileType = sourcecode.c.h; name = SDL_clipboard.h; path = "../../SDL2-2.0.1/include/SDL_clipboard.h"; sourceTree = SOURCE_ROOT; };
		07EC6CE418B59C420018BEA4 /* SDL_config_android.h */ = {isa = PBXFileReference; fileEncoding = 4; lastKnownFileType = sourcecode.c.h; name = SDL_config_android.h; path = "../../SDL2-2.0.1/include/SDL_config_android.h"; sourceTree = SOURCE_ROOT; };
		07EC6CE518B59C420018BEA4 /* SDL_config_iphoneos.h */ = {isa = PBXFileReference; fileEncoding = 4; lastKnownFileType = sourcecode.c.h; name = SDL_config_iphoneos.h; path = "../../SDL2-2.0.1/include/SDL_config_iphoneos.h"; sourceTree = SOURCE_ROOT; };
		07EC6CE618B59C420018BEA4 /* SDL_config_macosx.h */ = {isa = PBXFileReference; fileEncoding = 4; lastKnownFileType = sourcecode.c.h; name = SDL_config_macosx.h; path = "../../SDL2-2.0.1/include/SDL_config_macosx.h"; sourceTree = SOURCE_ROOT; };
		07EC6CE718B59C420018BEA4 /* SDL_config_minimal.h */ = {isa = PBXFileReference; fileEncoding = 4; lastKnownFileType = sourcecode.c.h; name = SDL_config_minimal.h; path = "../../SDL2-2.0.1/include/SDL_config_minimal.h"; sourceTree = SOURCE_ROOT; };
		07EC6CE818B59C420018BEA4 /* SDL_config_pandora.h */ = {isa = PBXFileReference; fileEncoding = 4; lastKnownFileType = sourcecode.c.h; name = SDL_config_pandora.h; path = "../../SDL2-2.0.1/include/SDL_config_pandora.h"; sourceTree = SOURCE_ROOT; };
		07EC6CE918B59C420018BEA4 /* SDL_config_psp.h */ = {isa = PBXFileReference; fileEncoding = 4; lastKnownFileType = sourcecode.c.h; name = SDL_config_psp.h; path = "../../SDL2-2.0.1/include/SDL_config_psp.h"; sourceTree = SOURCE_ROOT; };
		07EC6CEA18B59C420018BEA4 /* SDL_config_windows.h */ = {isa = PBXFileReference; fileEncoding = 4; lastKnownFileType = sourcecode.c.h; name = SDL_config_windows.h; path = "../../SDL2-2.0.1/include/SDL_config_windows.h"; sourceTree = SOURCE_ROOT; };
		07EC6CEB18B59C420018BEA4 /* SDL_config_wiz.h */ = {isa = PBXFileReference; fileEncoding = 4; lastKnownFileType = sourcecode.c.h; name = SDL_config_wiz.h; path = "../../SDL2-2.0.1/include/SDL_config_wiz.h"; sourceTree = SOURCE_ROOT; };
		07EC6CEC18B59C420018BEA4 /* SDL_config.h */ = {isa = PBXFileReference; fileEncoding = 4; lastKnownFileType = sourcecode.c.h; name = SDL_config.h; path = "../../SDL2-2.0.1/include/SDL_config.h"; sourceTree = SOURCE_ROOT; };
		07EC6CED18B59C420018BEA4 /* SDL_copying.h */ = {isa = PBXFileReference; fileEncoding = 4; lastKnownFileType = sourcecode.c.h; name = SDL_copying.h; path = "../../SDL2-2.0.1/include/SDL_copying.h"; sourceTree = SOURCE_ROOT; };
		07EC6CEE18B59C420018BEA4 /* SDL_cpuinfo.h */ = {isa = PBXFileReference; fileEncoding = 4; lastKnownFileType = sourcecode.c.h; name = SDL_cpuinfo.h; path = "../../SDL2-2.0.1/include/SDL_cpuinfo.h"; sourceTree = SOURCE_ROOT; };
		07EC6CEF18B59C420018BEA4 /* SDL_endian.h */ = {isa = PBXFileReference; fileEncoding = 4; lastKnownFileType = sourcecode.c.h; name = SDL_endian.h; path = "../../SDL2-2.0.1/include/SDL_endian.h"; sourceTree = SOURCE_ROOT; };
		07EC6CF018B59C420018BEA4 /* SDL_error.h */ = {isa = PBXFileReference; fileEncoding = 4; lastKnownFileType = sourcecode.c.h; name = SDL_error.h; path = "../../SDL2-2.0.1/include/SDL_error.h"; sourceTree = SOURCE_ROOT; };
		07EC6CF118B59C420018BEA4 /* SDL_events.h */ = {isa = PBXFileReference; fileEncoding = 4; lastKnownFileType = sourcecode.c.h; name = SDL_events.h; path = "../../SDL2-2.0.1/include/SDL_events.h"; sourceTree = SOURCE_ROOT; };
		07EC6CF218B59C420018BEA4 /* SDL_filesystem.h */ = {isa = PBXFileReference; fileEncoding = 4; lastKnownFileType = sourcecode.c.h; name = SDL_filesystem.h; path = "../../SDL2-2.0.1/include/SDL_filesystem.h"; sourceTree = SOURCE_ROOT; };
		07EC6CF318B59C420018BEA4 /* SDL_gamecontroller.h */ = {isa = PBXFileReference; fileEncoding = 4; lastKnownFileType = sourcecode.c.h; name = SDL_gamecontroller.h; path = "../../SDL2-2.0.1/include/SDL_gamecontroller.h"; sourceTree = SOURCE_ROOT; };
		07EC6CF418B59C420018BEA4 /* SDL_gesture.h */ = {isa = PBXFileReference; fileEncoding = 4; lastKnownFileType = sourcecode.c.h; name = SDL_gesture.h; path = "../../SDL2-2.0.1/include/SDL_gesture.h"; sourceTree = SOURCE_ROOT; };
		07EC6CF518B59C420018BEA4 /* SDL_haptic.h */ = {isa = PBXFileReference; fileEncoding = 4; lastKnownFileType = sourcecode.c.h; name = SDL_haptic.h; path = "../../SDL2-2.0.1/include/SDL_haptic.h"; sourceTree = SOURCE_ROOT; };
		07EC6CF618B59C420018BEA4 /* SDL_hints.h */ = {isa = PBXFileReference; fileEncoding = 4; lastKnownFileType = sourcecode.c.h; name = SDL_hints.h; path = "../../SDL2-2.0.1/include/SDL_hints.h"; sourceTree = SOURCE_ROOT; };
		07EC6CF718B59C420018BEA4 /* SDL_joystick.h */ = {isa = PBXFileReference; fileEncoding = 4; lastKnownFileType = sourcecode.c.h; name = SDL_joystick.h; path = "../../SDL2-2.0.1/include/SDL_joystick.h"; sourceTree = SOURCE_ROOT; };
		07EC6CF818B59C420018BEA4 /* SDL_keyboard.h */ = {isa = PBXFileReference; fileEncoding = 4; lastKnownFileType = sourcecode.c.h; name = SDL_keyboard.h; path = "../../SDL2-2.0.1/include/SDL_keyboard.h"; sourceTree = SOURCE_ROOT; };
		07EC6CF918B59C420018BEA4 /* SDL_keycode.h */ = {isa = PBXFileReference; fileEncoding = 4; lastKnownFileType = sourcecode.c.h; name = SDL_keycode.h; path = "../../SDL2-2.0.1/include/SDL_keycode.h"; sourceTree = SOURCE_ROOT; };
		07EC6CFA18B59C420018BEA4 /* SDL_loadso.h */ = {isa = PBXFileReference; fileEncoding = 4; lastKnownFileType = sourcecode.c.h; name = SDL_loadso.h; path = "../../SDL2-2.0.1/include/SDL_loadso.h"; sourceTree = SOURCE_ROOT; };
		07EC6CFB18B59C420018BEA4 /* SDL_log.h */ = {isa = PBXFileReference; fileEncoding = 4; lastKnownFileType = sourcecode.c.h; name = SDL_log.h; path = "../../SDL2-2.0.1/include/SDL_log.h"; sourceTree = SOURCE_ROOT; };
		07EC6CFC18B59C420018BEA4 /* SDL_main.h */ = {isa = PBXFileReference; fileEncoding = 4; lastKnownFileType = sourcecode.c.h; name = SDL_main.h; path = "../../SDL2-2.0.1/include/SDL_main.h"; sourceTree = SOURCE_ROOT; };
		07EC6CFD18B59C420018BEA4 /* SDL_messagebox.h */ = {isa = PBXFileReference; fileEncoding = 4; lastKnownFileType = sourcecode.c.h; name = SDL_messagebox.h; path = "../../SDL2-2.0.1/include/SDL_messagebox.h"; sourceTree = SOURCE_ROOT; };
		07EC6CFE18B59C420018BEA4 /* SDL_mouse.h */ = {isa = PBXFileReference; fileEncoding = 4; lastKnownFileType = sourcecode.c.h; name = SDL_mouse.h; path = "../../SDL2-2.0.1/include/SDL_mouse.h"; sourceTree = SOURCE_ROOT; };
		07EC6CFF18B59C420018BEA4 /* SDL_mutex.h */ = {isa = PBXFileReference; fileEncoding = 4; lastKnownFileType = sourcecode.c.h; name = SDL_mutex.h; path = "../../SDL2-2.0.1/include/SDL_mutex.h"; sourceTree = SOURCE_ROOT; };
		07EC6D0018B59C420018BEA4 /* SDL_name.h */ = {isa = PBXFileReference; fileEncoding = 4; lastKnownFileType = sourcecode.c.h; name = SDL_name.h; path = "../../SDL2-2.0.1/include/SDL_name.h"; sourceTree = SOURCE_ROOT; };
		07EC6D0118B59C420018BEA4 /* SDL_opengl.h */ = {isa = PBXFileReference; fileEncoding = 4; lastKnownFileType = sourcecode.c.h; name = SDL_opengl.h; path = "../../SDL2-2.0.1/include/SDL_opengl.h"; sourceTree = SOURCE_ROOT; };
		07EC6D0218B59C420018BEA4 /* SDL_opengles.h */ = {isa = PBXFileReference; fileEncoding = 4; lastKnownFileType = sourcecode.c.h; name = SDL_opengles.h; path = "../../SDL2-2.0.1/include/SDL_opengles.h"; sourceTree = SOURCE_ROOT; };
		07EC6D0318B59C420018BEA4 /* SDL_opengles2.h */ = {isa = PBXFileReference; fileEncoding = 4; lastKnownFileType = sourcecode.c.h; name = SDL_opengles2.h; path = "../../SDL2-2.0.1/include/SDL_opengles2.h"; sourceTree = SOURCE_ROOT; };
		07EC6D0418B59C420018BEA4 /* SDL_pixels.h */ = {isa = PBXFileReference; fileEncoding = 4; lastKnownFileType = sourcecode.c.h; name = SDL_pixels.h; path = "../../SDL2-2.0.1/include/SDL_pixels.h"; sourceTree = SOURCE_ROOT; };
		07EC6D0518B59C420018BEA4 /* SDL_platform.h */ = {isa = PBXFileReference; fileEncoding = 4; lastKnownFileType = sourcecode.c.h; name = SDL_platform.h; path = "../../SDL2-2.0.1/include/SDL_platform.h"; sourceTree = SOURCE_ROOT; };
		07EC6D0618B59C420018BEA4 /* SDL_power.h */ = {isa = PBXFileReference; fileEncoding = 4; lastKnownFileType = sourcecode.c.h; name = SDL_power.h; path = "../../SDL2-2.0.1/include/SDL_power.h"; sourceTree = SOURCE_ROOT; };
		07EC6D0718B59C420018BEA4 /* SDL_quit.h */ = {isa = PBXFileReference; fileEncoding = 4; lastKnownFileType = sourcecode.c.h; name = SDL_quit.h; path = "../../SDL2-2.0.1/include/SDL_quit.h"; sourceTree = SOURCE_ROOT; };
		07EC6D0818B59C420018BEA4 /* SDL_rect.h */ = {isa = PBXFileReference; fileEncoding = 4; lastKnownFileType = sourcecode.c.h; name = SDL_rect.h; path = "../../SDL2-2.0.1/include/SDL_rect.h"; sourceTree = SOURCE_ROOT; };
		07EC6D0918B59C420018BEA4 /* SDL_render.h */ = {isa = PBXFileReference; fileEncoding = 4; lastKnownFileType = sourcecode.c.h; name = SDL_render.h; path = "../../SDL2-2.0.1/include/SDL_render.h"; sourceTree = SOURCE_ROOT; };
		07EC6D0A18B59C420018BEA4 /* SDL_revision.h */ = {isa = PBXFileReference; fileEncoding = 4; lastKnownFileType = sourcecode.c.h; name = SDL_revision.h; path = "../../SDL2-2.0.1/include/SDL_revision.h"; sourceTree = SOURCE_ROOT; };
		07EC6D0B18B59C420018BEA4 /* SDL_rwops.h */ = {isa = PBXFileReference; fileEncoding = 4; lastKnownFileType = sourcecode.c.h; name = SDL_rwops.h; path = "../../SDL2-2.0.1/include/SDL_rwops.h"; sourceTree = SOURCE_ROOT; };
		07EC6D0C18B59C420018BEA4 /* SDL_scancode.h */ = {isa = PBXFileReference; fileEncoding = 4; lastKnownFileType = sourcecode.c.h; name = SDL_scancode.h; path = "../../SDL2-2.0.1/include/SDL_scancode.h"; sourceTree = SOURCE_ROOT; };
		07EC6D0D18B59C420018BEA4 /* SDL_shape.h */ = {isa = PBXFileReference; fileEncoding = 4; lastKnownFileType = sourcecode.c.h; name = SDL_shape.h; path = "../../SDL2-2.0.1/include/SDL_shape.h"; sourceTree = SOURCE_ROOT; };
		07EC6D0E18B59C420018BEA4 /* SDL_stdinc.h */ = {isa = PBXFileReference; fileEncoding = 4; lastKnownFileType = sourcecode.c.h; name = SDL_stdinc.h; path = "../../SDL2-2.0.1/include/SDL_stdinc.h"; sourceTree = SOURCE_ROOT; };
		07EC6D0F18B59C420018BEA4 /* SDL_surface.h */ = {isa = PBXFileReference; fileEncoding = 4; lastKnownFileType = sourcecode.c.h; name = SDL_surface.h; path = "../../SDL2-2.0.1/include/SDL_surface.h"; sourceTree = SOURCE_ROOT; };
		07EC6D1018B59C420018BEA4 /* SDL_system.h */ = {isa = PBXFileReference; fileEncoding = 4; lastKnownFileType = sourcecode.c.h; name = SDL_system.h; path = "../../SDL2-2.0.1/include/SDL_system.h"; sourceTree = SOURCE_ROOT; };
		07EC6D1118B59C420018BEA4 /* SDL_syswm.h */ = {isa = PBXFileReference; fileEncoding = 4; lastKnownFileType = sourcecode.c.h; name = SDL_syswm.h; path = "../../SDL2-2.0.1/include/SDL_syswm.h"; sourceTree = SOURCE_ROOT; };
		07EC6D1218B59C420018BEA4 /* SDL_test_assert.h */ = {isa = PBXFileReference; fileEncoding = 4; lastKnownFileType = sourcecode.c.h; name = SDL_test_assert.h; path = "../../SDL2-2.0.1/include/SDL_test_assert.h"; sourceTree = SOURCE_ROOT; };
		07EC6D1318B59C420018BEA4 /* SDL_test_common.h */ = {isa = PBXFileReference; fileEncoding = 4; lastKnownFileType = sourcecode.c.h; name = SDL_test_common.h; path = "../../SDL2-2.0.1/include/SDL_test_common.h"; sourceTree = SOURCE_ROOT; };
		07EC6D1418B59C420018BEA4 /* SDL_test_compare.h */ = {isa = PBXFileReference; fileEncoding = 4; lastKnownFileType = sourcecode.c.h; name = SDL_test_compare.h; path = "../../SDL2-2.0.1/include/SDL_test_compare.h"; sourceTree = SOURCE_ROOT; };
		07EC6D1518B59C420018BEA4 /* SDL_test_crc32.h */ = {isa = PBXFileReference; fileEncoding = 4; lastKnownFileType = sourcecode.c.h; name = SDL_test_crc32.h; path = "../../SDL2-2.0.1/include/SDL_test_crc32.h"; sourceTree = SOURCE_ROOT; };
		07EC6D1618B59C420018BEA4 /* SDL_test_font.h */ = {isa = PBXFileReference; fileEncoding = 4; lastKnownFileType = sourcecode.c.h; name = SDL_test_font.h; path = "../../SDL2-2.0.1/include/SDL_test_font.h"; sourceTree = SOURCE_ROOT; };
		07EC6D1718B59C420018BEA4 /* SDL_test_fuzzer.h */ = {isa = PBXFileReference; fileEncoding = 4; lastKnownFileType = sourcecode.c.h; name = SDL_test_fuzzer.h; path = "../../SDL2-2.0.1/include/SDL_test_fuzzer.h"; sourceTree = SOURCE_ROOT; };
		07EC6D1818B59C420018BEA4 /* SDL_test_harness.h */ = {isa = PBXFileReference; fileEncoding = 4; lastKnownFileType = sourcecode.c.h; name = SDL_test_harness.h; path = "../../SDL2-2.0.1/include/SDL_test_harness.h"; sourceTree = SOURCE_ROOT; };
		07EC6D1918B59C420018BEA4 /* SDL_test_images.h */ = {isa = PBXFileReference; fileEncoding = 4; lastKnownFileType = sourcecode.c.h; name = SDL_test_images.h; path = "../../SDL2-2.0.1/include/SDL_test_images.h"; sourceTree = SOURCE_ROOT; };
		07EC6D1A18B59C420018BEA4 /* SDL_test_log.h */ = {isa = PBXFileReference; fileEncoding = 4; lastKnownFileType = sourcecode.c.h; name = SDL_test_log.h; path = "../../SDL2-2.0.1/include/SDL_test_log.h"; sourceTree = SOURCE_ROOT; };
		07EC6D1B18B59C420018BEA4 /* SDL_test_md5.h */ = {isa = PBXFileReference; fileEncoding = 4; lastKnownFileType = sourcecode.c.h; name = SDL_test_md5.h; path = "../../SDL2-2.0.1/include/SDL_test_md5.h"; sourceTree = SOURCE_ROOT; };
		07EC6D1C18B59C420018BEA4 /* SDL_test_random.h */ = {isa = PBXFileReference; fileEncoding = 4; lastKnownFileType = sourcecode.c.h; name = SDL_test_random.h; path = "../../SDL2-2.0.1/include/SDL_test_random.h"; sourceTree = SOURCE_ROOT; };
		07EC6D1D18B59C420018BEA4 /* SDL_test.h */ = {isa = PBXFileReference; fileEncoding = 4; lastKnownFileType = sourcecode.c.h; name = SDL_test.h; path = "../../SDL2-2.0.1/include/SDL_test.h"; sourceTree = SOURCE_ROOT; };
		07EC6D1E18B59C420018BEA4 /* SDL_thread.h */ = {isa = PBXFileReference; fileEncoding = 4; lastKnownFileType = sourcecode.c.h; name = SDL_thread.h; path = "../../SDL2-2.0.1/include/SDL_thread.h"; sourceTree = SOURCE_ROOT; };
		07EC6D1F18B59C420018BEA4 /* SDL_timer.h */ = {isa = PBXFileReference; fileEncoding = 4; lastKnownFileType = sourcecode.c.h; name = SDL_timer.h; path = "../../SDL2-2.0.1/include/SDL_timer.h"; sourceTree = SOURCE_ROOT; };
		07EC6D2018B59C420018BEA4 /* SDL_touch.h */ = {isa = PBXFileReference; fileEncoding = 4; lastKnownFileType = sourcecode.c.h; name = SDL_touch.h; path = "../../SDL2-2.0.1/include/SDL_touch.h"; sourceTree = SOURCE_ROOT; };
		07EC6D2118B59C420018BEA4 /* SDL_types.h */ = {isa = PBXFileReference; fileEncoding = 4; lastKnownFileType = sourcecode.c.h; name = SDL_types.h; path = "../../SDL2-2.0.1/include/SDL_types.h"; sourceTree = SOURCE_ROOT; };
		07EC6D2218B59C420018BEA4 /* SDL_version.h */ = {isa = PBXFileReference; fileEncoding = 4; lastKnownFileType = sourcecode.c.h; name = SDL_version.h; path = "../../SDL2-2.0.1/include/SDL_version.h"; sourceTree = SOURCE_ROOT; };
		07EC6D2318B59C420018BEA4 /* SDL_video.h */ = {isa = PBXFileReference; fileEncoding = 4; lastKnownFileType = sourcecode.c.h; name = SDL_video.h; path = "../../SDL2-2.0.1/include/SDL_video.h"; sourceTree = SOURCE_ROOT; };
		07EC6D2418B59C420018BEA4 /* SDL.h */ = {isa = PBXFileReference; fileEncoding = 4; lastKnownFileType = sourcecode.c.h; name = SDL.h; path = "../../SDL2-2.0.1/include/SDL.h"; sourceTree = SOURCE_ROOT; };
		07EC6D2518B59C620018BEA4 /* libBeseyeStreamer.a */ = {isa = PBXFileReference; lastKnownFileType = archive.ar; name = libBeseyeStreamer.a; path = "../../../../../../../Library/Developer/Xcode/DerivedData/iFrameExtractor-fhpfhlkhktqcqxfxroooyelvhigi/Build/Products/Debug-iphoneos/libBeseyeStreamer.a"; sourceTree = "<group>"; };
		07EC6D2718B59C720018BEA4 /* libSDL2.a */ = {isa = PBXFileReference; lastKnownFileType = archive.ar; name = libSDL2.a; path = "../../../../../../../Library/Developer/Xcode/DerivedData/iFrameExtractor-fhpfhlkhktqcqxfxroooyelvhigi/Build/Products/Debug-iphoneos/libSDL2.a"; sourceTree = "<group>"; };
/* End PBXFileReference section */

/* Begin PBXFrameworksBuildPhase section */
		07EC6BDE18B4CD4F0018BEA4 /* Frameworks */ = {
			isa = PBXFrameworksBuildPhase;
			buildActionMask = 2147483647;
			files = (
			);
			runOnlyForDeploymentPostprocessing = 0;
		};
/* End PBXFrameworksBuildPhase section */

/* Begin PBXGroup section */
		07BC6EED191FC4AC009541A3 /* Common */ = {
			isa = PBXGroup;
			children = (
				07BC6EEE191FC4AC009541A3 /* inc */,
				07BC6EF0191FC4AC009541A3 /* src */,
			);
			path = Common;
			sourceTree = SOURCE_ROOT;
		};
		07BC6EEE191FC4AC009541A3 /* inc */ = {
			isa = PBXGroup;
			children = (
				07BC6F19191FC53D009541A3 /* error.h */,
				07BC6F18191FC511009541A3 /* Common.h */,
				07BC6EEF191FC4AC009541A3 /* utils.h */,
			);
			path = inc;
			sourceTree = "<group>";
		};
		07BC6EF0191FC4AC009541A3 /* src */ = {
			isa = PBXGroup;
			children = (
				07BC6EF1191FC4AC009541A3 /* utils.cpp */,
			);
			path = src;
			sourceTree = "<group>";
		};
		07BC6EF2191FC4AC009541A3 /* inc */ = {
			isa = PBXGroup;
			children = (
				07BC6EF3191FC4AC009541A3 /* beseye_sound_pairing.h */,
				07BC6EF4191FC4AC009541A3 /* FreqGenerator.h */,
				07BC6EF5191FC4AC009541A3 /* sp_config.h */,
			);
			path = inc;
			sourceTree = SOURCE_ROOT;
		};
		07BC6EF6191FC4AC009541A3 /* src */ = {
			isa = PBXGroup;
			children = (
				07BC6EF7191FC4AC009541A3 /* FreqGenerator.cpp */,
				07BC6EF8191FC4AC009541A3 /* native_ios.cpp */,
				07BC6EF9191FC4AC009541A3 /* sp_config.cpp */,
			);
			path = src;
			sourceTree = SOURCE_ROOT;
		};
		07BC6EFA191FC4AC009541A3 /* zxing */ = {
			isa = PBXGroup;
			children = (
				07BC6EFB191FC4AC009541A3 /* common */,
				07BC6F09191FC4AC009541A3 /* Exception.cpp */,
				07BC6F0A191FC4AC009541A3 /* Exception.h */,
				07BC6F0B191FC4AC009541A3 /* IllegalStateException.h */,
				07BC6F0C191FC4AC009541A3 /* ReaderException.h */,
				07BC6F0D191FC4AC009541A3 /* ZXing.h */,
			);
			path = zxing;
			sourceTree = SOURCE_ROOT;
		};
		07BC6EFB191FC4AC009541A3 /* common */ = {
			isa = PBXGroup;
			children = (
				07BC6EFC191FC4AC009541A3 /* Array.h */,
				07BC6EFD191FC4AC009541A3 /* Counted.h */,
				07BC6EFE191FC4AC009541A3 /* IllegalArgumentException.cpp */,
				07BC6EFF191FC4AC009541A3 /* IllegalArgumentException.h */,
				07BC6F00191FC4AC009541A3 /* reedsolomon */,
			);
			path = common;
			sourceTree = "<group>";
		};
		07BC6F00191FC4AC009541A3 /* reedsolomon */ = {
			isa = PBXGroup;
			children = (
				07BC6F01191FC4AC009541A3 /* GenericGF.cpp */,
				07BC6F02191FC4AC009541A3 /* GenericGF.h */,
				07BC6F03191FC4AC009541A3 /* GenericGFPoly.cpp */,
				07BC6F04191FC4AC009541A3 /* GenericGFPoly.h */,
				07BC6F05191FC4AC009541A3 /* ReedSolomonEncoder.cpp */,
				07BC6F06191FC4AC009541A3 /* ReedSolomonEncoder.h */,
				07BC6F07191FC4AC009541A3 /* ReedSolomonException.cpp */,
				07BC6F08191FC4AC009541A3 /* ReedSolomonException.h */,
			);
			path = reedsolomon;
			sourceTree = "<group>";
		};
		07EC6BD818B4CD4F0018BEA4 = {
			isa = PBXGroup;
			children = (
				07776DBC18FD380C00B7033B /* config.h */,
				07EC6D2718B59C720018BEA4 /* libSDL2.a */,
				07EC6D2518B59C620018BEA4 /* libBeseyeStreamer.a */,
				07EC6CDB18B59BF60018BEA4 /* Public Header */,
				07EC6BE618B4CD4F0018BEA4 /* BeseyeSoundPairing */,
				07EC6BE218B4CD4F0018BEA4 /* Products */,
			);
			sourceTree = "<group>";
		};
		07EC6BE218B4CD4F0018BEA4 /* Products */ = {
			isa = PBXGroup;
			children = (
				07EC6BE118B4CD4F0018BEA4 /* libBeseyeSoundPairing.a */,
			);
			name = Products;
			sourceTree = "<group>";
		};
		07EC6BE618B4CD4F0018BEA4 /* BeseyeSoundPairing */ = {
			isa = PBXGroup;
			children = (
				07BC6EED191FC4AC009541A3 /* Common */,
				07BC6EF2191FC4AC009541A3 /* inc */,
				07BC6EF6191FC4AC009541A3 /* src */,
				07BC6EFA191FC4AC009541A3 /* zxing */,
			);
			path = BeseyeSoundPairing;
			sourceTree = "<group>";
		};
		07EC6CDB18B59BF60018BEA4 /* Public Header */ = {
			isa = PBXGroup;
			children = (
				07EC6CDC18B59C420018BEA4 /* begin_code.h */,
				07EC6CDD18B59C420018BEA4 /* close_code.h */,
				07EC6CDE18B59C420018BEA4 /* SDL_assert.h */,
				07EC6CDF18B59C420018BEA4 /* SDL_atomic.h */,
				07EC6CE018B59C420018BEA4 /* SDL_audio.h */,
				07EC6CE118B59C420018BEA4 /* SDL_bits.h */,
				07EC6CE218B59C420018BEA4 /* SDL_blendmode.h */,
				07EC6CE318B59C420018BEA4 /* SDL_clipboard.h */,
				07EC6CE418B59C420018BEA4 /* SDL_config_android.h */,
				07EC6CE518B59C420018BEA4 /* SDL_config_iphoneos.h */,
				07EC6CE618B59C420018BEA4 /* SDL_config_macosx.h */,
				07EC6CE718B59C420018BEA4 /* SDL_config_minimal.h */,
				07EC6CE818B59C420018BEA4 /* SDL_config_pandora.h */,
				07EC6CE918B59C420018BEA4 /* SDL_config_psp.h */,
				07EC6CEA18B59C420018BEA4 /* SDL_config_windows.h */,
				07EC6CEB18B59C420018BEA4 /* SDL_config_wiz.h */,
				07EC6CEC18B59C420018BEA4 /* SDL_config.h */,
				07EC6CED18B59C420018BEA4 /* SDL_copying.h */,
				07EC6CEE18B59C420018BEA4 /* SDL_cpuinfo.h */,
				07EC6CEF18B59C420018BEA4 /* SDL_endian.h */,
				07EC6CF018B59C420018BEA4 /* SDL_error.h */,
				07EC6CF118B59C420018BEA4 /* SDL_events.h */,
				07EC6CF218B59C420018BEA4 /* SDL_filesystem.h */,
				07EC6CF318B59C420018BEA4 /* SDL_gamecontroller.h */,
				07EC6CF418B59C420018BEA4 /* SDL_gesture.h */,
				07EC6CF518B59C420018BEA4 /* SDL_haptic.h */,
				07EC6CF618B59C420018BEA4 /* SDL_hints.h */,
				07EC6CF718B59C420018BEA4 /* SDL_joystick.h */,
				07EC6CF818B59C420018BEA4 /* SDL_keyboard.h */,
				07EC6CF918B59C420018BEA4 /* SDL_keycode.h */,
				07EC6CFA18B59C420018BEA4 /* SDL_loadso.h */,
				07EC6CFB18B59C420018BEA4 /* SDL_log.h */,
				07EC6CFC18B59C420018BEA4 /* SDL_main.h */,
				07EC6CFD18B59C420018BEA4 /* SDL_messagebox.h */,
				07EC6CFE18B59C420018BEA4 /* SDL_mouse.h */,
				07EC6CFF18B59C420018BEA4 /* SDL_mutex.h */,
				07EC6D0018B59C420018BEA4 /* SDL_name.h */,
				07EC6D0118B59C420018BEA4 /* SDL_opengl.h */,
				07EC6D0218B59C420018BEA4 /* SDL_opengles.h */,
				07EC6D0318B59C420018BEA4 /* SDL_opengles2.h */,
				07EC6D0418B59C420018BEA4 /* SDL_pixels.h */,
				07EC6D0518B59C420018BEA4 /* SDL_platform.h */,
				07EC6D0618B59C420018BEA4 /* SDL_power.h */,
				07EC6D0718B59C420018BEA4 /* SDL_quit.h */,
				07EC6D0818B59C420018BEA4 /* SDL_rect.h */,
				07EC6D0918B59C420018BEA4 /* SDL_render.h */,
				07EC6D0A18B59C420018BEA4 /* SDL_revision.h */,
				07EC6D0B18B59C420018BEA4 /* SDL_rwops.h */,
				07EC6D0C18B59C420018BEA4 /* SDL_scancode.h */,
				07EC6D0D18B59C420018BEA4 /* SDL_shape.h */,
				07EC6D0E18B59C420018BEA4 /* SDL_stdinc.h */,
				07EC6D0F18B59C420018BEA4 /* SDL_surface.h */,
				07EC6D1018B59C420018BEA4 /* SDL_system.h */,
				07EC6D1118B59C420018BEA4 /* SDL_syswm.h */,
				07EC6D1218B59C420018BEA4 /* SDL_test_assert.h */,
				07EC6D1318B59C420018BEA4 /* SDL_test_common.h */,
				07EC6D1418B59C420018BEA4 /* SDL_test_compare.h */,
				07EC6D1518B59C420018BEA4 /* SDL_test_crc32.h */,
				07EC6D1618B59C420018BEA4 /* SDL_test_font.h */,
				07EC6D1718B59C420018BEA4 /* SDL_test_fuzzer.h */,
				07EC6D1818B59C420018BEA4 /* SDL_test_harness.h */,
				07EC6D1918B59C420018BEA4 /* SDL_test_images.h */,
				07EC6D1A18B59C420018BEA4 /* SDL_test_log.h */,
				07EC6D1B18B59C420018BEA4 /* SDL_test_md5.h */,
				07EC6D1C18B59C420018BEA4 /* SDL_test_random.h */,
				07EC6D1D18B59C420018BEA4 /* SDL_test.h */,
				07EC6D1E18B59C420018BEA4 /* SDL_thread.h */,
				07EC6D1F18B59C420018BEA4 /* SDL_timer.h */,
				07EC6D2018B59C420018BEA4 /* SDL_touch.h */,
				07EC6D2118B59C420018BEA4 /* SDL_types.h */,
				07EC6D2218B59C420018BEA4 /* SDL_version.h */,
				07EC6D2318B59C420018BEA4 /* SDL_video.h */,
				07EC6D2418B59C420018BEA4 /* SDL.h */,
			);
			name = "Public Header";
			sourceTree = SOURCE_ROOT;
		};
/* End PBXGroup section */

/* Begin PBXNativeTarget section */
		07EC6BE018B4CD4F0018BEA4 /* BeseyeSoundPairing */ = {
			isa = PBXNativeTarget;
			buildConfigurationList = 07EC6C0418B4CD4F0018BEA4 /* Build configuration list for PBXNativeTarget "BeseyeSoundPairing" */;
			buildPhases = (
				07EC6BDD18B4CD4F0018BEA4 /* Sources */,
				07EC6BDE18B4CD4F0018BEA4 /* Frameworks */,
				07EC6BDF18B4CD4F0018BEA4 /* CopyFiles */,
			);
			buildRules = (
			);
			dependencies = (
			);
			name = BeseyeSoundPairing;
			productName = BeseyeSoundPairing;
			productReference = 07EC6BE118B4CD4F0018BEA4 /* libBeseyeSoundPairing.a */;
			productType = "com.apple.product-type.library.static";
		};
/* End PBXNativeTarget section */

/* Begin PBXProject section */
		07EC6BD918B4CD4F0018BEA4 /* Project object */ = {
			isa = PBXProject;
			attributes = {
				LastUpgradeCheck = 0500;
				ORGANIZATIONNAME = BesEye;
			};
			buildConfigurationList = 07EC6BDC18B4CD4F0018BEA4 /* Build configuration list for PBXProject "BeseyeSoundPairing" */;
			compatibilityVersion = "Xcode 3.2";
			developmentRegion = English;
			hasScannedForEncodings = 0;
			knownRegions = (
				en,
			);
			mainGroup = 07EC6BD818B4CD4F0018BEA4;
			productRefGroup = 07EC6BE218B4CD4F0018BEA4 /* Products */;
			projectDirPath = "";
			projectRoot = "";
			targets = (
				07EC6BE018B4CD4F0018BEA4 /* BeseyeSoundPairing */,
			);
		};
/* End PBXProject section */

/* Begin PBXSourcesBuildPhase section */
		07EC6BDD18B4CD4F0018BEA4 /* Sources */ = {
			isa = PBXSourcesBuildPhase;
			buildActionMask = 2147483647;
			files = (
				07BC6F10191FC4AC009541A3 /* native_ios.cpp in Sources */,
				07BC6F12191FC4AC009541A3 /* IllegalArgumentException.cpp in Sources */,
				07BC6F14191FC4AC009541A3 /* GenericGFPoly.cpp in Sources */,
				07BC6F17191FC4AC009541A3 /* Exception.cpp in Sources */,
				07BC6F13191FC4AC009541A3 /* GenericGF.cpp in Sources */,
				07BC6F16191FC4AC009541A3 /* ReedSolomonException.cpp in Sources */,
				07BC6F0E191FC4AC009541A3 /* utils.cpp in Sources */,
				07BC6F11191FC4AC009541A3 /* sp_config.cpp in Sources */,
				07BC6F15191FC4AC009541A3 /* ReedSolomonEncoder.cpp in Sources */,
				07BC6F0F191FC4AC009541A3 /* FreqGenerator.cpp in Sources */,
			);
			runOnlyForDeploymentPostprocessing = 0;
		};
/* End PBXSourcesBuildPhase section */

/* Begin XCBuildConfiguration section */
		07EC6C0218B4CD4F0018BEA4 /* Debug */ = {
			isa = XCBuildConfiguration;
			buildSettings = {
				ALWAYS_SEARCH_USER_PATHS = NO;
				ARCHS = "$(ARCHS_STANDARD_INCLUDING_64_BIT)";
				CLANG_CXX_LANGUAGE_STANDARD = "compiler-default";
				CLANG_CXX_LIBRARY = "libstdc++";
				CLANG_ENABLE_MODULES = YES;
				CLANG_ENABLE_OBJC_ARC = YES;
				CLANG_WARN_BOOL_CONVERSION = YES;
				CLANG_WARN_CONSTANT_CONVERSION = YES;
				CLANG_WARN_DIRECT_OBJC_ISA_USAGE = YES_ERROR;
				CLANG_WARN_EMPTY_BODY = YES;
				CLANG_WARN_ENUM_CONVERSION = YES;
				CLANG_WARN_INT_CONVERSION = YES;
				CLANG_WARN_OBJC_ROOT_CLASS = YES_ERROR;
				CLANG_WARN__DUPLICATE_METHOD_MATCH = YES;
				COPY_PHASE_STRIP = NO;
				GCC_C_LANGUAGE_STANDARD = "compiler-default";
				GCC_DYNAMIC_NO_PIC = NO;
				GCC_OPTIMIZATION_LEVEL = 0;
				GCC_PREPROCESSOR_DEFINITIONS = (
					"DEBUG=1",
					"$(inherited)",
				);
				GCC_SYMBOLS_PRIVATE_EXTERN = NO;
				GCC_WARN_64_TO_32_BIT_CONVERSION = YES;
				GCC_WARN_ABOUT_RETURN_TYPE = YES_ERROR;
				GCC_WARN_UNDECLARED_SELECTOR = YES;
				GCC_WARN_UNINITIALIZED_AUTOS = YES;
				GCC_WARN_UNUSED_FUNCTION = YES;
				GCC_WARN_UNUSED_VARIABLE = YES;
				HEADER_SEARCH_PATHS = (
					"$(inherited)",
					/Applications/Xcode.app/Contents/Developer/Toolchains/XcodeDefault.xctoolchain/usr/include,
					../ffmpeg/compiled/i386/include/include,
					.,
				);
				IPHONEOS_DEPLOYMENT_TARGET = 7.0;
				ONLY_ACTIVE_ARCH = YES;
				SDKROOT = iphoneos;
				VALID_ARCHS = "arm64 armv7 armv7s i386 x86_64";
			};
			name = Debug;
		};
		07EC6C0318B4CD4F0018BEA4 /* Release */ = {
			isa = XCBuildConfiguration;
			buildSettings = {
				ALWAYS_SEARCH_USER_PATHS = NO;
				ARCHS = "$(ARCHS_STANDARD_INCLUDING_64_BIT)";
				CLANG_CXX_LANGUAGE_STANDARD = "compiler-default";
				CLANG_CXX_LIBRARY = "libstdc++";
				CLANG_ENABLE_MODULES = YES;
				CLANG_ENABLE_OBJC_ARC = YES;
				CLANG_WARN_BOOL_CONVERSION = YES;
				CLANG_WARN_CONSTANT_CONVERSION = YES;
				CLANG_WARN_DIRECT_OBJC_ISA_USAGE = YES_ERROR;
				CLANG_WARN_EMPTY_BODY = YES;
				CLANG_WARN_ENUM_CONVERSION = YES;
				CLANG_WARN_INT_CONVERSION = YES;
				CLANG_WARN_OBJC_ROOT_CLASS = YES_ERROR;
				CLANG_WARN__DUPLICATE_METHOD_MATCH = YES;
				COPY_PHASE_STRIP = YES;
				ENABLE_NS_ASSERTIONS = NO;
				GCC_C_LANGUAGE_STANDARD = "compiler-default";
				GCC_WARN_64_TO_32_BIT_CONVERSION = YES;
				GCC_WARN_ABOUT_RETURN_TYPE = YES_ERROR;
				GCC_WARN_UNDECLARED_SELECTOR = YES;
				GCC_WARN_UNINITIALIZED_AUTOS = YES;
				GCC_WARN_UNUSED_FUNCTION = YES;
				GCC_WARN_UNUSED_VARIABLE = YES;
				HEADER_SEARCH_PATHS = (
					"$(inherited)",
					/Applications/Xcode.app/Contents/Developer/Toolchains/XcodeDefault.xctoolchain/usr/include,
					../ffmpeg/compiled/i386/include/include,
					.,
				);
				IPHONEOS_DEPLOYMENT_TARGET = 7.0;
				SDKROOT = iphoneos;
				VALIDATE_PRODUCT = YES;
				VALID_ARCHS = "arm64 armv7 armv7s i386 x86_64";
			};
			name = Release;
		};
		07EC6C0518B4CD4F0018BEA4 /* Debug */ = {
			isa = XCBuildConfiguration;
			buildSettings = {
				DSTROOT = /tmp/BeseyeSoundPairing.dst;
				GCC_PRECOMPILE_PREFIX_HEADER = YES;
				GCC_PREFIX_HEADER = "";
				HEADER_SEARCH_PATHS = (
					"$(inherited)",
					/Applications/Xcode.app/Contents/Developer/Toolchains/XcodeDefault.xctoolchain/usr/include,
				);
				LIBRARY_SEARCH_PATHS = (
					"$(inherited)",
					"$(USER_LIBRARY_DIR)/Developer/Xcode/DerivedData/iFrameExtractor-fhpfhlkhktqcqxfxroooyelvhigi/Build/Products/Debug-iphoneos",
				);
				OTHER_LDFLAGS = "-ObjC";
				PRODUCT_NAME = "$(TARGET_NAME)";
				SKIP_INSTALL = YES;
			};
			name = Debug;
		};
		07EC6C0618B4CD4F0018BEA4 /* Release */ = {
			isa = XCBuildConfiguration;
			buildSettings = {
				DSTROOT = /tmp/BeseyeSoundPairing.dst;
				GCC_PRECOMPILE_PREFIX_HEADER = YES;
				GCC_PREFIX_HEADER = "";
				HEADER_SEARCH_PATHS = (
					"$(inherited)",
					/Applications/Xcode.app/Contents/Developer/Toolchains/XcodeDefault.xctoolchain/usr/include,
				);
				LIBRARY_SEARCH_PATHS = (
					"$(inherited)",
					"$(USER_LIBRARY_DIR)/Developer/Xcode/DerivedData/iFrameExtractor-fhpfhlkhktqcqxfxroooyelvhigi/Build/Products/Debug-iphoneos",
				);
				OTHER_LDFLAGS = "-ObjC";
				PRODUCT_NAME = "$(TARGET_NAME)";
				SKIP_INSTALL = YES;
			};
			name = Release;
		};
/* End XCBuildConfiguration section */

/* Begin XCConfigurationList section */
		07EC6BDC18B4CD4F0018BEA4 /* Build configuration list for PBXProject "BeseyeSoundPairing" */ = {
			isa = XCConfigurationList;
			buildConfigurations = (
				07EC6C0218B4CD4F0018BEA4 /* Debug */,
				07EC6C0318B4CD4F0018BEA4 /* Release */,
			);
			defaultConfigurationIsVisible = 0;
			defaultConfigurationName = Release;
		};
		07EC6C0418B4CD4F0018BEA4 /* Build configuration list for PBXNativeTarget "BeseyeSoundPairing" */ = {
			isa = XCConfigurationList;
			buildConfigurations = (
				07EC6C0518B4CD4F0018BEA4 /* Debug */,
				07EC6C0618B4CD4F0018BEA4 /* Release */,
			);
			defaultConfigurationIsVisible = 0;
			defaultConfigurationName = Release;
		};
/* End XCConfigurationList section */
	};
	rootObject = 07EC6BD918B4CD4F0018BEA4 /* Project object */;
}
